
Microsoft Visual Studio Solution File, Format Version 12.00
# Visual Studio Version 17
VisualStudioVersion = 17.11.35327.3
MinimumVisualStudioVersion = 10.0.40219.1
Project("{FAE04EC0-301F-11D3-BF4B-00C04F79EFBC}") = "WinForm3", "WinForm3\WinForm3.csproj", "{82289D97-A683-4359-BF3A-11626CC04388}"
EndProject
Global
	GlobalSection(SolutionConfigurationPlatforms) = preSolution
		Debug|Any CPU = Debug|Any CPU
		Release|Any CPU = Release|Any CPU
	EndGlobalSection
	GlobalSection(ProjectConfigurationPlatforms) = postSolution
		{82289D97-A683-4359-BF3A-11626CC04388}.Debug|Any CPU.ActiveCfg = Debug|Any CPU
		{82289D97-A683-4359-BF3A-11626CC04388}.Debug|Any CPU.Build.0 = Debug|Any CPU
		{82289D97-A683-4359-BF3A-11626CC04388}.Release|Any CPU.ActiveCfg = Release|Any CPU
		{82289D97-A683-4359-BF3A-11626CC04388}.Release|Any CPU.Build.0 = Release|Any CPU
	EndGlobalSection
	GlobalSection(SolutionProperties) = preSolution
		HideSolutionNode = FALSE
	EndGlobalSection
	GlobalSection(ExtensibilityGlobals) = postSolution
		SolutionGuid = {9B29A03B-CE3F-478A-98AC-57CA075511F8}
	EndGlobalSection
EndGlobal
